
Microsoft Visual Studio Solution File, Format Version 12.00
# Visual Studio Version 16
VisualStudioVersion = 16.0.29326.143
MinimumVisualStudioVersion = 10.0.40219.1
Project("{9A19103F-16F7-4668-BE54-9A1E7A4F7556}") = "vv-api", "vv-api\vv-api.csproj", "{841D8303-F57D-4772-BF7C-E62F00527A32}"
EndProject
Project("{9A19103F-16F7-4668-BE54-9A1E7A4F7556}") = "vv-corp", "vv-corp\vv-corp.csproj", "{BBD03519-5452-4AAB-9323-68B0BBDAD736}"
EndProject
Project("{FAE04EC0-301F-11D3-BF4B-00C04F79EFBC}") = "vv-web", "vv-web\vv-web.csproj", "{D3A99494-F82A-4BCC-A940-C5A58431749A}"
EndProject
Global
	GlobalSection(SolutionConfigurationPlatforms) = preSolution
		Debug|Any CPU = Debug|Any CPU
		Release|Any CPU = Release|Any CPU
	EndGlobalSection
	GlobalSection(ProjectConfigurationPlatforms) = postSolution
		{841D8303-F57D-4772-BF7C-E62F00527A32}.Debug|Any CPU.ActiveCfg = Debug|Any CPU
		{841D8303-F57D-4772-BF7C-E62F00527A32}.Debug|Any CPU.Build.0 = Debug|Any CPU
		{841D8303-F57D-4772-BF7C-E62F00527A32}.Release|Any CPU.ActiveCfg = Release|Any CPU
		{841D8303-F57D-4772-BF7C-E62F00527A32}.Release|Any CPU.Build.0 = Release|Any CPU
		{BBD03519-5452-4AAB-9323-68B0BBDAD736}.Debug|Any CPU.ActiveCfg = Debug|Any CPU
		{BBD03519-5452-4AAB-9323-68B0BBDAD736}.Debug|Any CPU.Build.0 = Debug|Any CPU
		{BBD03519-5452-4AAB-9323-68B0BBDAD736}.Release|Any CPU.ActiveCfg = Release|Any CPU
		{BBD03519-5452-4AAB-9323-68B0BBDAD736}.Release|Any CPU.Build.0 = Release|Any CPU
		{D3A99494-F82A-4BCC-A940-C5A58431749A}.Debug|Any CPU.ActiveCfg = Debug|Any CPU
		{D3A99494-F82A-4BCC-A940-C5A58431749A}.Debug|Any CPU.Build.0 = Debug|Any CPU
		{D3A99494-F82A-4BCC-A940-C5A58431749A}.Release|Any CPU.ActiveCfg = Release|Any CPU
		{D3A99494-F82A-4BCC-A940-C5A58431749A}.Release|Any CPU.Build.0 = Release|Any CPU
	EndGlobalSection
	GlobalSection(SolutionProperties) = preSolution
		HideSolutionNode = FALSE
	EndGlobalSection
	GlobalSection(ExtensibilityGlobals) = postSolution
		SolutionGuid = {1AE89E11-6FAE-4722-80E9-D9549A33F25F}
	EndGlobalSection
EndGlobal
